
Microsoft Visual Studio Solution File, Format Version 12.00
# Visual Studio Version 16
VisualStudioVersion = 16.0.31911.196
MinimumVisualStudioVersion = 10.0.40219.1
Project("{FAE04EC0-301F-11D3-BF4B-00C04F79EFBC}") = "MeetAnghan_Assignment2", "MeetAnghan_Assignment2\MeetAnghan_Assignment2.csproj", "{B47FA24A-A77E-4168-BB7D-CB6FB0F7060F}"
EndProject
Global
	GlobalSection(SolutionConfigurationPlatforms) = preSolution
		Debug|Any CPU = Debug|Any CPU
		Release|Any CPU = Release|Any CPU
	EndGlobalSection
	GlobalSection(ProjectConfigurationPlatforms) = postSolution
		{B47FA24A-A77E-4168-BB7D-CB6FB0F7060F}.Debug|Any CPU.ActiveCfg = Debug|Any CPU
		{B47FA24A-A77E-4168-BB7D-CB6FB0F7060F}.Debug|Any CPU.Build.0 = Debug|Any CPU
		{B47FA24A-A77E-4168-BB7D-CB6FB0F7060F}.Release|Any CPU.ActiveCfg = Release|Any CPU
		{B47FA24A-A77E-4168-BB7D-CB6FB0F7060F}.Release|Any CPU.Build.0 = Release|Any CPU
	EndGlobalSection
	GlobalSection(SolutionProperties) = preSolution
		HideSolutionNode = FALSE
	EndGlobalSection
	GlobalSection(ExtensibilityGlobals) = postSolution
		SolutionGuid = {C3CD685B-9AA0-449E-B08E-72D540371C72}
	EndGlobalSection
EndGlobal
